
Microsoft Visual Studio Solution File, Format Version 12.00
# Visual Studio Version 16
VisualStudioVersion = 16.0.31624.102
MinimumVisualStudioVersion = 10.0.40219.1
Project("{FAE04EC0-301F-11D3-BF4B-00C04F79EFBC}") = "BookStore", "BookStore\BookStore.csproj", "{D75219C7-EEFD-4072-BA32-E94C16182E25}"
EndProject
Project("{FAE04EC0-301F-11D3-BF4B-00C04F79EFBC}") = "BookStore.Domain", "BookStore.Domain\BookStore.Domain.csproj", "{A6903592-9666-44F6-BB0F-0ABEE425DD90}"
EndProject
Global
	GlobalSection(SolutionConfigurationPlatforms) = preSolution
		Debug|Any CPU = Debug|Any CPU
		Release|Any CPU = Release|Any CPU
	EndGlobalSection
	GlobalSection(ProjectConfigurationPlatforms) = postSolution
		{D75219C7-EEFD-4072-BA32-E94C16182E25}.Debug|Any CPU.ActiveCfg = Debug|Any CPU
		{D75219C7-EEFD-4072-BA32-E94C16182E25}.Debug|Any CPU.Build.0 = Debug|Any CPU
		{D75219C7-EEFD-4072-BA32-E94C16182E25}.Release|Any CPU.ActiveCfg = Release|Any CPU
		{D75219C7-EEFD-4072-BA32-E94C16182E25}.Release|Any CPU.Build.0 = Release|Any CPU
		{A6903592-9666-44F6-BB0F-0ABEE425DD90}.Debug|Any CPU.ActiveCfg = Debug|Any CPU
		{A6903592-9666-44F6-BB0F-0ABEE425DD90}.Debug|Any CPU.Build.0 = Debug|Any CPU
		{A6903592-9666-44F6-BB0F-0ABEE425DD90}.Release|Any CPU.ActiveCfg = Release|Any CPU
		{A6903592-9666-44F6-BB0F-0ABEE425DD90}.Release|Any CPU.Build.0 = Release|Any CPU
	EndGlobalSection
	GlobalSection(SolutionProperties) = preSolution
		HideSolutionNode = FALSE
	EndGlobalSection
	GlobalSection(ExtensibilityGlobals) = postSolution
		SolutionGuid = {D1E1E42E-C668-4CD8-84AE-2A081CE7F376}
	EndGlobalSection
EndGlobal
